
Microsoft Visual Studio Solution File, Format Version 12.00
# Visual Studio 15
Project("{FAE04EC0-301F-11D3-BF4B-00C04F79EFBC}") = "Assembly-CSharp", "Assembly-CSharp.csproj", "{DDF4068A-27A5-821B-9E5C-E4E8F4497997}"
EndProject
Project("{FAE04EC0-301F-11D3-BF4B-00C04F79EFBC}") = "Assembly-CSharp-Editor", "Assembly-CSharp-Editor.csproj", "{157A9005-8F0B-79F4-DE6B-90ECE747AB51}"
EndProject
Global
	GlobalSection(SolutionConfigurationPlatforms) = preSolution
		Debug|Any CPU = Debug|Any CPU
		Release|Any CPU = Release|Any CPU
	EndGlobalSection
	GlobalSection(ProjectConfigurationPlatforms) = postSolution
		{DDF4068A-27A5-821B-9E5C-E4E8F4497997}.Debug|Any CPU.ActiveCfg = Debug|Any CPU
		{DDF4068A-27A5-821B-9E5C-E4E8F4497997}.Debug|Any CPU.Build.0 = Debug|Any CPU
		{DDF4068A-27A5-821B-9E5C-E4E8F4497997}.Release|Any CPU.ActiveCfg = Release|Any CPU
		{DDF4068A-27A5-821B-9E5C-E4E8F4497997}.Release|Any CPU.Build.0 = Release|Any CPU
		{157A9005-8F0B-79F4-DE6B-90ECE747AB51}.Debug|Any CPU.ActiveCfg = Debug|Any CPU
		{157A9005-8F0B-79F4-DE6B-90ECE747AB51}.Debug|Any CPU.Build.0 = Debug|Any CPU
		{157A9005-8F0B-79F4-DE6B-90ECE747AB51}.Release|Any CPU.ActiveCfg = Release|Any CPU
		{157A9005-8F0B-79F4-DE6B-90ECE747AB51}.Release|Any CPU.Build.0 = Release|Any CPU
	EndGlobalSection
	GlobalSection(SolutionProperties) = preSolution
		HideSolutionNode = FALSE
	EndGlobalSection
EndGlobal
